# This file is autogenerated, do not edit; changes may be undone by the next 'dep ensure'.


[[projects]]
  branch = "master"
  name = "github.com/anacrolix/missinggo"
  packages = [
    ".",
    "slices"
  ]
  revision = "f32f2dc367fb4fc0167b83145459f567abd59c49"

[[projects]]
  name = "github.com/anacrolix/torrent"
  packages = [
    "bencode",
    "metainfo"
  ]
  revision = "5a7c4fc135eda0996079a46b43bc0ee8116d7093"

[[projects]]
  branch = "master"
  name = "github.com/bradfitz/iter"
  packages = ["."]
  revision = "454541ec3da2a73fc34fd049b19ee5777bf19345"

[solve-meta]
  analyzer-name = "dep"
  analyzer-version = 1
  inputs-digest = "5d3e8d13599b26b91fbcaba067610b253fd60435ead0df70ee779418757b9995"
  solver-name = "gps-cdcl"
  solver-version = 1
